// !$*UTF8*$!
{
	archiveVersion = 1;
	classes = {
	};
	objectVersion = 46;
	objects = {

/* Begin PBXBuildFile section */
		645A155A1C284B150094802A /* main.m in Sources */ = {isa = PBXBuildFile; fileRef = 645A15591C284B150094802A /* main.m */; };
		645A155D1C284B150094802A /* AppDelegate.m in Sources */ = {isa = PBXBuildFile; fileRef = 645A155C1C284B150094802A /* AppDelegate.m */; };
		645A15601C284B150094802A /* StoreManager.xcdatamodeld in Sources */ = {isa = PBXBuildFile; fileRef = 645A155E1C284B150094802A /* StoreManager.xcdatamodeld */; };
		645A15681C284B150094802A /* Images.xcassets in Resources */ = {isa = PBXBuildFile; fileRef = 645A15671C284B150094802A /* Images.xcassets */; };
		645A156B1C284B150094802A /* LaunchScreen.xib in Resources */ = {isa = PBXBuildFile; fileRef = 645A15691C284B150094802A /* LaunchScreen.xib */; };
		645A15771C284B150094802A /* StoreManagerTests.m in Sources */ = {isa = PBXBuildFile; fileRef = 645A15761C284B150094802A /* StoreManagerTests.m */; };
		645A15AC1C284BFB0094802A /* CameraObject.m in Sources */ = {isa = PBXBuildFile; fileRef = 645A15821C284BFB0094802A /* CameraObject.m */; };
		645A15AD1C284BFB0094802A /* Common.m in Sources */ = {isa = PBXBuildFile; fileRef = 645A15841C284BFB0094802A /* Common.m */; };
		645A15AE1C284BFB0094802A /* QSCommon.m in Sources */ = {isa = PBXBuildFile; fileRef = 645A15861C284BFB0094802A /* QSCommon.m */; };
		645A15AF1C284BFB0094802A /* RWLabel.m in Sources */ = {isa = PBXBuildFile; fileRef = 645A15881C284BFB0094802A /* RWLabel.m */; };
		645A15B01C284BFB0094802A /* CustomCellDropDownMenu.m in Sources */ = {isa = PBXBuildFile; fileRef = 645A158C1C284BFB0094802A /* CustomCellDropDownMenu.m */; };
		645A15B11C284BFB0094802A /* CustomCellDropDownMenu.xib in Resources */ = {isa = PBXBuildFile; fileRef = 645A158D1C284BFB0094802A /* CustomCellDropDownMenu.xib */; };
		645A15B21C284BFB0094802A /* CustomCellBackground.m in Sources */ = {isa = PBXBuildFile; fileRef = 645A15901C284BFB0094802A /* CustomCellBackground.m */; };
		645A15B31C284BFB0094802A /* CustomCellCommon.m in Sources */ = {isa = PBXBuildFile; fileRef = 645A15921C284BFB0094802A /* CustomCellCommon.m */; };
		645A15B41C284BFB0094802A /* CustomFooter.m in Sources */ = {isa = PBXBuildFile; fileRef = 645A15941C284BFB0094802A /* CustomFooter.m */; };
		645A15B51C284BFB0094802A /* CustomHeader.m in Sources */ = {isa = PBXBuildFile; fileRef = 645A15961C284BFB0094802A /* CustomHeader.m */; };
		645A15B61C284BFB0094802A /* CustomAnimationController.m in Sources */ = {isa = PBXBuildFile; fileRef = 645A159A1C284BFB0094802A /* CustomAnimationController.m */; };
		645A15B71C284BFB0094802A /* SWRevealViewController.m in Sources */ = {isa = PBXBuildFile; fileRef = 645A159C1C284BFB0094802A /* SWRevealViewController.m */; };
		645A15B81C284BFB0094802A /* VCBase.m in Sources */ = {isa = PBXBuildFile; fileRef = 645A159F1C284BFB0094802A /* VCBase.m */; };
		645A15B91C284BFB0094802A /* VCMenu.m in Sources */ = {isa = PBXBuildFile; fileRef = 645A15A21C284BFB0094802A /* VCMenu.m */; };
		645A15BA1C284BFB0094802A /* VCMenu.xib in Resources */ = {isa = PBXBuildFile; fileRef = 645A15A31C284BFB0094802A /* VCMenu.xib */; };
		645A15BB1C284BFB0094802A /* VCRoot.m in Sources */ = {isa = PBXBuildFile; fileRef = 645A15A61C284BFB0094802A /* VCRoot.m */; };
		645A15BC1C284BFB0094802A /* VCRoot.xib in Resources */ = {isa = PBXBuildFile; fileRef = 645A15A71C284BFB0094802A /* VCRoot.xib */; };
		645A15BD1C284BFB0094802A /* VCGroups.m in Sources */ = {isa = PBXBuildFile; fileRef = 645A15AA1C284BFB0094802A /* VCGroups.m */; };
		645A15BE1C284BFB0094802A /* VCGroups.xib in Resources */ = {isa = PBXBuildFile; fileRef = 645A15AB1C284BFB0094802A /* VCGroups.xib */; };
		645A15CA1C284C0C0094802A /* LocalizationDefine.m in Sources */ = {isa = PBXBuildFile; fileRef = 645A15C41C284C0C0094802A /* LocalizationDefine.m */; };
		645A15CB1C284C0C0094802A /* LocalizableStringHelper.m in Sources */ = {isa = PBXBuildFile; fileRef = 645A15C71C284C0C0094802A /* LocalizableStringHelper.m */; };
		645A15CC1C284C0C0094802A /* LocalizeHelper.m in Sources */ = {isa = PBXBuildFile; fileRef = 645A15C91C284C0C0094802A /* LocalizeHelper.m */; };
		645A15D41C284C170094802A /* reveal-icon.png in Resources */ = {isa = PBXBuildFile; fileRef = 645A15CE1C284C170094802A /* reveal-icon.png */; };
		645A15D51C284C170094802A /* reveal-icon@2x.png in Resources */ = {isa = PBXBuildFile; fileRef = 645A15CF1C284C170094802A /* reveal-icon@2x.png */; };
		645A15D61C284C170094802A /* UITableContract.png in Resources */ = {isa = PBXBuildFile; fileRef = 645A15D01C284C170094802A /* UITableContract.png */; };
		645A15D71C284C170094802A /* UITableContract@2x.png in Resources */ = {isa = PBXBuildFile; fileRef = 645A15D11C284C170094802A /* UITableContract@2x.png */; };
		645A15D81C284C170094802A /* UITableExpand.png in Resources */ = {isa = PBXBuildFile; fileRef = 645A15D21C284C170094802A /* UITableExpand.png */; };
		645A15D91C284C170094802A /* UITableExpand@2x.png in Resources */ = {isa = PBXBuildFile; fileRef = 645A15D31C284C170094802A /* UITableExpand@2x.png */; };
		645A15DE1C2851B90094802A /* VCItems.m in Sources */ = {isa = PBXBuildFile; fileRef = 645A15DC1C2851B90094802A /* VCItems.m */; };
		645A15DF1C2851B90094802A /* VCItems.xib in Resources */ = {isa = PBXBuildFile; fileRef = 645A15DD1C2851B90094802A /* VCItems.xib */; };
		645A15E41C28571D0094802A /* VCAddItem.m in Sources */ = {isa = PBXBuildFile; fileRef = 645A15E21C28571D0094802A /* VCAddItem.m */; };
		645A15E51C28571D0094802A /* VCAddItem.xib in Resources */ = {isa = PBXBuildFile; fileRef = 645A15E31C28571D0094802A /* VCAddItem.xib */; };
		645A15EA1C285B530094802A /* CustomCellTextField.m in Sources */ = {isa = PBXBuildFile; fileRef = 645A15E81C285B530094802A /* CustomCellTextField.m */; };
		645A15EB1C285B530094802A /* CustomCellTextField.xib in Resources */ = {isa = PBXBuildFile; fileRef = 645A15E91C285B530094802A /* CustomCellTextField.xib */; };
		645A15FD1C2862F30094802A /* CustomCellPhoto.m in Sources */ = {isa = PBXBuildFile; fileRef = 645A15FB1C2862F30094802A /* CustomCellPhoto.m */; };
		645A15FE1C2862F30094802A /* CustomCellPhoto.xib in Resources */ = {isa = PBXBuildFile; fileRef = 645A15FC1C2862F30094802A /* CustomCellPhoto.xib */; };
		645A16031C286BF30094802A /* CustomTextRightLeft.m in Sources */ = {isa = PBXBuildFile; fileRef = 645A16011C286BF30094802A /* CustomTextRightLeft.m */; };
		645A16041C286BF30094802A /* CustomTextRightLeft.xib in Resources */ = {isa = PBXBuildFile; fileRef = 645A16021C286BF30094802A /* CustomTextRightLeft.xib */; };
		645A160A1C286DC30094802A /* NSDate+Helper.m in Sources */ = {isa = PBXBuildFile; fileRef = 645A16091C286DC30094802A /* NSDate+Helper.m */; };
		645FCE041C2BEF6900A9C69E /* VCPickerView.m in Sources */ = {isa = PBXBuildFile; fileRef = 645FCE021C2BEF6900A9C69E /* VCPickerView.m */; };
		645FCE051C2BEF6900A9C69E /* VCPickerView.xib in Resources */ = {isa = PBXBuildFile; fileRef = 645FCE031C2BEF6900A9C69E /* VCPickerView.xib */; };
		645FCE101C2BF5F900A9C69E /* VCTypeItem.m in Sources */ = {isa = PBXBuildFile; fileRef = 645FCE0E1C2BF5F900A9C69E /* VCTypeItem.m */; };
		645FCE111C2BF5F900A9C69E /* VCTypeItem.xib in Resources */ = {isa = PBXBuildFile; fileRef = 645FCE0F1C2BF5F900A9C69E /* VCTypeItem.xib */; };
		645FCE1D1C2BF9B700A9C69E /* ModelManager.m in Sources */ = {isa = PBXBuildFile; fileRef = 645FCE141C2BF9B700A9C69E /* ModelManager.m */; };
		645FCE1E1C2BF9B700A9C69E /* PhotoModel.m in Sources */ = {isa = PBXBuildFile; fileRef = 645FCE161C2BF9B700A9C69E /* PhotoModel.m */; };
		645FCE1F1C2BF9B700A9C69E /* PickerViewModel.m in Sources */ = {isa = PBXBuildFile; fileRef = 645FCE181C2BF9B700A9C69E /* PickerViewModel.m */; };
		645FCE201C2BF9B700A9C69E /* TextFieldModel.m in Sources */ = {isa = PBXBuildFile; fileRef = 645FCE1A1C2BF9B700A9C69E /* TextFieldModel.m */; };
		645FCE211C2BF9B700A9C69E /* TextRLModel.m in Sources */ = {isa = PBXBuildFile; fileRef = 645FCE1C1C2BF9B700A9C69E /* TextRLModel.m */; };
		645FCE561C2BFC9700A9C69E /* ModelItem.m in Sources */ = {isa = PBXBuildFile; fileRef = 645FCE531C2BFC9700A9C69E /* ModelItem.m */; };
		645FCE571C2BFC9700A9C69E /* ModelTypeItem.m in Sources */ = {isa = PBXBuildFile; fileRef = 645FCE551C2BFC9700A9C69E /* ModelTypeItem.m */; };
		645FCE5A1C2BFCC400A9C69E /* BaseModel.m in Sources */ = {isa = PBXBuildFile; fileRef = 645FCE591C2BFCC400A9C69E /* BaseModel.m */; };
		645FCE5D1C2BFCEB00A9C69E /* CommonModel.m in Sources */ = {isa = PBXBuildFile; fileRef = 645FCE5C1C2BFCEB00A9C69E /* CommonModel.m */; };
		645FCE611C2C006F00A9C69E /* ItemService.m in Sources */ = {isa = PBXBuildFile; fileRef = 645FCE601C2C006F00A9C69E /* ItemService.m */; };
		645FCE671C2C0F2000A9C69E /* CustomCellItem.m in Sources */ = {isa = PBXBuildFile; fileRef = 645FCE651C2C0F2000A9C69E /* CustomCellItem.m */; };
		645FCE681C2C0F2000A9C69E /* CustomCellItem.xib in Resources */ = {isa = PBXBuildFile; fileRef = 645FCE661C2C0F2000A9C69E /* CustomCellItem.xib */; };
		645FCE6B1C2C3ED800A9C69E /* AddItemService.m in Sources */ = {isa = PBXBuildFile; fileRef = 645FCE6A1C2C3ED800A9C69E /* AddItemService.m */; };
		645FCE711C2C4F7500A9C69E /* TypeItemService.m in Sources */ = {isa = PBXBuildFile; fileRef = 645FCE701C2C4F7500A9C69E /* TypeItemService.m */; };
		6464FCC51C29B55A0009C040 /* UIActionSheet+Blocks.m in Sources */ = {isa = PBXBuildFile; fileRef = 6464FCC41C29B55A0009C040 /* UIActionSheet+Blocks.m */; };
		6464FCCA1C29BBDA0009C040 /* CustomCellPickerView.m in Sources */ = {isa = PBXBuildFile; fileRef = 6464FCC81C29BBDA0009C040 /* CustomCellPickerView.m */; };
		6464FCCB1C29BBDA0009C040 /* CustomCellPickerView.xib in Resources */ = {isa = PBXBuildFile; fileRef = 6464FCC91C29BBDA0009C040 /* CustomCellPickerView.xib */; };
		74DA81987AA5881FB09538C8 /* libPods-StoreManager.a in Frameworks */ = {isa = PBXBuildFile; fileRef = 51C26D618B1F8223D192AA04 /* libPods-StoreManager.a */; };
		FB67A1B31C290D2F00DF6FAD /* CustomCellDatePicker.m in Sources */ = {isa = PBXBuildFile; fileRef = FB67A1B11C290D2F00DF6FAD /* CustomCellDatePicker.m */; };
		FB67A1B41C290D2F00DF6FAD /* CustomCellDatePicker.xib in Resources */ = {isa = PBXBuildFile; fileRef = FB67A1B21C290D2F00DF6FAD /* CustomCellDatePicker.xib */; };
		FBC6967A1C3221E300A8FDBE /* QRCameraSwitchButton.m in Sources */ = {isa = PBXBuildFile; fileRef = FBC696701C3221E300A8FDBE /* QRCameraSwitchButton.m */; };
		FBC6967B1C3221E300A8FDBE /* QRCodeReader.m in Sources */ = {isa = PBXBuildFile; fileRef = FBC696721C3221E300A8FDBE /* QRCodeReader.m */; };
		FBC6967C1C3221E300A8FDBE /* QRCodeReaderView.m in Sources */ = {isa = PBXBuildFile; fileRef = FBC696751C3221E300A8FDBE /* QRCodeReaderView.m */; };
		FBC6967D1C3221E300A8FDBE /* QRCodeReaderViewController.m in Sources */ = {isa = PBXBuildFile; fileRef = FBC696771C3221E300A8FDBE /* QRCodeReaderViewController.m */; };
		FBC6967E1C3221E300A8FDBE /* QRToggleTorchButton.m in Sources */ = {isa = PBXBuildFile; fileRef = FBC696791C3221E300A8FDBE /* QRToggleTorchButton.m */; };
		FBC696941C3230C000A8FDBE /* UIAlertView+Blocks.m in Sources */ = {isa = PBXBuildFile; fileRef = FBC696931C3230C000A8FDBE /* UIAlertView+Blocks.m */; };
		FBC696B71C32384200A8FDBE /* Base+CoreDataProperties.m in Sources */ = {isa = PBXBuildFile; fileRef = FBC696A81C32384200A8FDBE /* Base+CoreDataProperties.m */; };
		FBC696B81C32384200A8FDBE /* Base.m in Sources */ = {isa = PBXBuildFile; fileRef = FBC696AA1C32384200A8FDBE /* Base.m */; };
		FBC696B91C32384200A8FDBE /* TypeItem+CoreDataProperties.m in Sources */ = {isa = PBXBuildFile; fileRef = FBC696AC1C32384200A8FDBE /* TypeItem+CoreDataProperties.m */; };
		FBC696BA1C32384200A8FDBE /* TypeItem.m in Sources */ = {isa = PBXBuildFile; fileRef = FBC696AE1C32384200A8FDBE /* TypeItem.m */; };
		FBC696BD1C32384200A8FDBE /* Qrcode+CoreDataProperties.m in Sources */ = {isa = PBXBuildFile; fileRef = FBC696B41C32384200A8FDBE /* Qrcode+CoreDataProperties.m */; };
		FBC696BE1C32384200A8FDBE /* Qrcode.m in Sources */ = {isa = PBXBuildFile; fileRef = FBC696B61C32384200A8FDBE /* Qrcode.m */; };
		FBC696C11C32386200A8FDBE /* QRCodeModel.m in Sources */ = {isa = PBXBuildFile; fileRef = FBC696C01C32386200A8FDBE /* QRCodeModel.m */; };
		FBC696C61C32390300A8FDBE /* Item+CoreDataProperties.m in Sources */ = {isa = PBXBuildFile; fileRef = FBC696C31C32390300A8FDBE /* Item+CoreDataProperties.m */; };
		FBC696C71C32390300A8FDBE /* Item.m in Sources */ = {isa = PBXBuildFile; fileRef = FBC696C51C32390300A8FDBE /* Item.m */; };
/* End PBXBuildFile section */

/* Begin PBXContainerItemProxy section */
		645A15711C284B150094802A /* PBXContainerItemProxy */ = {
			isa = PBXContainerItemProxy;
			containerPortal = 645A154C1C284B150094802A /* Project object */;
			proxyType = 1;
			remoteGlobalIDString = 645A15531C284B150094802A;
			remoteInfo = StoreManager;
		};
/* End PBXContainerItemProxy section */

/* Begin PBXFileReference section */
		2DBD0DB5A0F49D564CEEBA0F /* Pods-StoreManager.release.xcconfig */ = {isa = PBXFileReference; includeInIndex = 1; lastKnownFileType = text.xcconfig; name = "Pods-StoreManager.release.xcconfig"; path = "Pods/Target Support Files/Pods-StoreManager/Pods-StoreManager.release.xcconfig"; sourceTree = "<group>"; };
		51C26D618B1F8223D192AA04 /* libPods-StoreManager.a */ = {isa = PBXFileReference; explicitFileType = archive.ar; includeInIndex = 0; path = "libPods-StoreManager.a"; sourceTree = BUILT_PRODUCTS_DIR; };
		645A15541C284B150094802A /* StoreManager.app */ = {isa = PBXFileReference; explicitFileType = wrapper.application; includeInIndex = 0; path = StoreManager.app; sourceTree = BUILT_PRODUCTS_DIR; };
		645A15581C284B150094802A /* Info.plist */ = {isa = PBXFileReference; lastKnownFileType = text.plist.xml; path = Info.plist; sourceTree = "<group>"; };
		645A15591C284B150094802A /* main.m */ = {isa = PBXFileReference; lastKnownFileType = sourcecode.c.objc; path = main.m; sourceTree = "<group>"; };
		645A155B1C284B150094802A /* AppDelegate.h */ = {isa = PBXFileReference; lastKnownFileType = sourcecode.c.h; path = AppDelegate.h; sourceTree = "<group>"; };
		645A155C1C284B150094802A /* AppDelegate.m */ = {isa = PBXFileReference; lastKnownFileType = sourcecode.c.objc; path = AppDelegate.m; sourceTree = "<group>"; };
		645A155F1C284B150094802A /* StoreManager.xcdatamodel */ = {isa = PBXFileReference; lastKnownFileType = wrapper.xcdatamodel; path = StoreManager.xcdatamodel; sourceTree = "<group>"; };
		645A15671C284B150094802A /* Images.xcassets */ = {isa = PBXFileReference; lastKnownFileType = folder.assetcatalog; path = Images.xcassets; sourceTree = "<group>"; };
		645A156A1C284B150094802A /* Base */ = {isa = PBXFileReference; lastKnownFileType = file.xib; name = Base; path = Base.lproj/LaunchScreen.xib; sourceTree = "<group>"; };
		645A15701C284B150094802A /* StoreManagerTests.xctest */ = {isa = PBXFileReference; explicitFileType = wrapper.cfbundle; includeInIndex = 0; path = StoreManagerTests.xctest; sourceTree = BUILT_PRODUCTS_DIR; };
		645A15751C284B150094802A /* Info.plist */ = {isa = PBXFileReference; lastKnownFileType = text.plist.xml; path = Info.plist; sourceTree = "<group>"; };
		645A15761C284B150094802A /* StoreManagerTests.m */ = {isa = PBXFileReference; lastKnownFileType = sourcecode.c.objc; path = StoreManagerTests.m; sourceTree = "<group>"; };
		645A15811C284BFB0094802A /* CameraObject.h */ = {isa = PBXFileReference; fileEncoding = 4; lastKnownFileType = sourcecode.c.h; path = CameraObject.h; sourceTree = "<group>"; };
		645A15821C284BFB0094802A /* CameraObject.m */ = {isa = PBXFileReference; fileEncoding = 4; lastKnownFileType = sourcecode.c.objc; path = CameraObject.m; sourceTree = "<group>"; };
		645A15831C284BFB0094802A /* Common.h */ = {isa = PBXFileReference; fileEncoding = 4; lastKnownFileType = sourcecode.c.h; path = Common.h; sourceTree = "<group>"; };
		645A15841C284BFB0094802A /* Common.m */ = {isa = PBXFileReference; fileEncoding = 4; lastKnownFileType = sourcecode.c.objc; path = Common.m; sourceTree = "<group>"; };
		645A15851C284BFB0094802A /* QSCommon.h */ = {isa = PBXFileReference; fileEncoding = 4; lastKnownFileType = sourcecode.c.h; path = QSCommon.h; sourceTree = "<group>"; };
		645A15861C284BFB0094802A /* QSCommon.m */ = {isa = PBXFileReference; fileEncoding = 4; lastKnownFileType = sourcecode.c.objc; path = QSCommon.m; sourceTree = "<group>"; };
		645A15871C284BFB0094802A /* RWLabel.h */ = {isa = PBXFileReference; fileEncoding = 4; lastKnownFileType = sourcecode.c.h; path = RWLabel.h; sourceTree = "<group>"; };
		645A15881C284BFB0094802A /* RWLabel.m */ = {isa = PBXFileReference; fileEncoding = 4; lastKnownFileType = sourcecode.c.objc; path = RWLabel.m; sourceTree = "<group>"; };
		645A158B1C284BFB0094802A /* CustomCellDropDownMenu.h */ = {isa = PBXFileReference; fileEncoding = 4; lastKnownFileType = sourcecode.c.h; path = CustomCellDropDownMenu.h; sourceTree = "<group>"; };
		645A158C1C284BFB0094802A /* CustomCellDropDownMenu.m */ = {isa = PBXFileReference; fileEncoding = 4; lastKnownFileType = sourcecode.c.objc; path = CustomCellDropDownMenu.m; sourceTree = "<group>"; };
		645A158D1C284BFB0094802A /* CustomCellDropDownMenu.xib */ = {isa = PBXFileReference; fileEncoding = 4; lastKnownFileType = file.xib; path = CustomCellDropDownMenu.xib; sourceTree = "<group>"; };
		645A158F1C284BFB0094802A /* CustomCellBackground.h */ = {isa = PBXFileReference; fileEncoding = 4; lastKnownFileType = sourcecode.c.h; path = CustomCellBackground.h; sourceTree = "<group>"; };
		645A15901C284BFB0094802A /* CustomCellBackground.m */ = {isa = PBXFileReference; fileEncoding = 4; lastKnownFileType = sourcecode.c.objc; path = CustomCellBackground.m; sourceTree = "<group>"; };
		645A15911C284BFB0094802A /* CustomCellCommon.h */ = {isa = PBXFileReference; fileEncoding = 4; lastKnownFileType = sourcecode.c.h; path = CustomCellCommon.h; sourceTree = "<group>"; };
		645A15921C284BFB0094802A /* CustomCellCommon.m */ = {isa = PBXFileReference; fileEncoding = 4; lastKnownFileType = sourcecode.c.objc; path = CustomCellCommon.m; sourceTree = "<group>"; };
		645A15931C284BFB0094802A /* CustomFooter.h */ = {isa = PBXFileReference; fileEncoding = 4; lastKnownFileType = sourcecode.c.h; path = CustomFooter.h; sourceTree = "<group>"; };
		645A15941C284BFB0094802A /* CustomFooter.m */ = {isa = PBXFileReference; fileEncoding = 4; lastKnownFileType = sourcecode.c.objc; path = CustomFooter.m; sourceTree = "<group>"; };
		645A15951C284BFB0094802A /* CustomHeader.h */ = {isa = PBXFileReference; fileEncoding = 4; lastKnownFileType = sourcecode.c.h; path = CustomHeader.h; sourceTree = "<group>"; };
		645A15961C284BFB0094802A /* CustomHeader.m */ = {isa = PBXFileReference; fileEncoding = 4; lastKnownFileType = sourcecode.c.objc; path = CustomHeader.m; sourceTree = "<group>"; };
		645A15991C284BFB0094802A /* CustomAnimationController.h */ = {isa = PBXFileReference; fileEncoding = 4; lastKnownFileType = sourcecode.c.h; path = CustomAnimationController.h; sourceTree = "<group>"; };
		645A159A1C284BFB0094802A /* CustomAnimationController.m */ = {isa = PBXFileReference; fileEncoding = 4; lastKnownFileType = sourcecode.c.objc; path = CustomAnimationController.m; sourceTree = "<group>"; };
		645A159B1C284BFB0094802A /* SWRevealViewController.h */ = {isa = PBXFileReference; fileEncoding = 4; lastKnownFileType = sourcecode.c.h; path = SWRevealViewController.h; sourceTree = "<group>"; };
		645A159C1C284BFB0094802A /* SWRevealViewController.m */ = {isa = PBXFileReference; fileEncoding = 4; lastKnownFileType = sourcecode.c.objc; path = SWRevealViewController.m; sourceTree = "<group>"; };
		645A159E1C284BFB0094802A /* VCBase.h */ = {isa = PBXFileReference; fileEncoding = 4; lastKnownFileType = sourcecode.c.h; path = VCBase.h; sourceTree = "<group>"; };
		645A159F1C284BFB0094802A /* VCBase.m */ = {isa = PBXFileReference; fileEncoding = 4; lastKnownFileType = sourcecode.c.objc; path = VCBase.m; sourceTree = "<group>"; };
		645A15A11C284BFB0094802A /* VCMenu.h */ = {isa = PBXFileReference; fileEncoding = 4; lastKnownFileType = sourcecode.c.h; path = VCMenu.h; sourceTree = "<group>"; };
		645A15A21C284BFB0094802A /* VCMenu.m */ = {isa = PBXFileReference; fileEncoding = 4; lastKnownFileType = sourcecode.c.objc; path = VCMenu.m; sourceTree = "<group>"; };
		645A15A31C284BFB0094802A /* VCMenu.xib */ = {isa = PBXFileReference; fileEncoding = 4; lastKnownFileType = file.xib; path = VCMenu.xib; sourceTree = "<group>"; };
		645A15A51C284BFB0094802A /* VCRoot.h */ = {isa = PBXFileReference; fileEncoding = 4; lastKnownFileType = sourcecode.c.h; path = VCRoot.h; sourceTree = "<group>"; };
		645A15A61C284BFB0094802A /* VCRoot.m */ = {isa = PBXFileReference; fileEncoding = 4; lastKnownFileType = sourcecode.c.objc; path = VCRoot.m; sourceTree = "<group>"; };
		645A15A71C284BFB0094802A /* VCRoot.xib */ = {isa = PBXFileReference; fileEncoding = 4; lastKnownFileType = file.xib; path = VCRoot.xib; sourceTree = "<group>"; };
		645A15A91C284BFB0094802A /* VCGroups.h */ = {isa = PBXFileReference; fileEncoding = 4; lastKnownFileType = sourcecode.c.h; path = VCGroups.h; sourceTree = "<group>"; };
		645A15AA1C284BFB0094802A /* VCGroups.m */ = {isa = PBXFileReference; fileEncoding = 4; lastKnownFileType = sourcecode.c.objc; path = VCGroups.m; sourceTree = "<group>"; };
		645A15AB1C284BFB0094802A /* VCGroups.xib */ = {isa = PBXFileReference; fileEncoding = 4; lastKnownFileType = file.xib; path = VCGroups.xib; sourceTree = "<group>"; };
		645A15C01C284C020094802A /* PrefixHeader.pch */ = {isa = PBXFileReference; fileEncoding = 4; lastKnownFileType = sourcecode.c.h; path = PrefixHeader.pch; sourceTree = "<group>"; };
		645A15C31C284C0C0094802A /* LocalizationDefine.h */ = {isa = PBXFileReference; fileEncoding = 4; lastKnownFileType = sourcecode.c.h; path = LocalizationDefine.h; sourceTree = "<group>"; };
		645A15C41C284C0C0094802A /* LocalizationDefine.m */ = {isa = PBXFileReference; fileEncoding = 4; lastKnownFileType = sourcecode.c.objc; path = LocalizationDefine.m; sourceTree = "<group>"; };
		645A15C61C284C0C0094802A /* LocalizableStringHelper.h */ = {isa = PBXFileReference; fileEncoding = 4; lastKnownFileType = sourcecode.c.h; path = LocalizableStringHelper.h; sourceTree = "<group>"; };
		645A15C71C284C0C0094802A /* LocalizableStringHelper.m */ = {isa = PBXFileReference; fileEncoding = 4; lastKnownFileType = sourcecode.c.objc; path = LocalizableStringHelper.m; sourceTree = "<group>"; };
		645A15C81C284C0C0094802A /* LocalizeHelper.h */ = {isa = PBXFileReference; fileEncoding = 4; lastKnownFileType = sourcecode.c.h; path = LocalizeHelper.h; sourceTree = "<group>"; };
		645A15C91C284C0C0094802A /* LocalizeHelper.m */ = {isa = PBXFileReference; fileEncoding = 4; lastKnownFileType = sourcecode.c.objc; path = LocalizeHelper.m; sourceTree = "<group>"; };
		645A15CE1C284C170094802A /* reveal-icon.png */ = {isa = PBXFileReference; lastKnownFileType = image.png; path = "reveal-icon.png"; sourceTree = "<group>"; };
		645A15CF1C284C170094802A /* reveal-icon@2x.png */ = {isa = PBXFileReference; lastKnownFileType = image.png; path = "reveal-icon@2x.png"; sourceTree = "<group>"; };
		645A15D01C284C170094802A /* UITableContract.png */ = {isa = PBXFileReference; lastKnownFileType = image.png; path = UITableContract.png; sourceTree = "<group>"; };
		645A15D11C284C170094802A /* UITableContract@2x.png */ = {isa = PBXFileReference; lastKnownFileType = image.png; path = "UITableContract@2x.png"; sourceTree = "<group>"; };
		645A15D21C284C170094802A /* UITableExpand.png */ = {isa = PBXFileReference; lastKnownFileType = image.png; path = UITableExpand.png; sourceTree = "<group>"; };
		645A15D31C284C170094802A /* UITableExpand@2x.png */ = {isa = PBXFileReference; lastKnownFileType = image.png; path = "UITableExpand@2x.png"; sourceTree = "<group>"; };
		645A15DB1C2851B90094802A /* VCItems.h */ = {isa = PBXFileReference; fileEncoding = 4; lastKnownFileType = sourcecode.c.h; path = VCItems.h; sourceTree = "<group>"; };
		645A15DC1C2851B90094802A /* VCItems.m */ = {isa = PBXFileReference; fileEncoding = 4; lastKnownFileType = sourcecode.c.objc; path = VCItems.m; sourceTree = "<group>"; };
		645A15DD1C2851B90094802A /* VCItems.xib */ = {isa = PBXFileReference; fileEncoding = 4; lastKnownFileType = file.xib; path = VCItems.xib; sourceTree = "<group>"; };
		645A15E11C28571D0094802A /* VCAddItem.h */ = {isa = PBXFileReference; fileEncoding = 4; lastKnownFileType = sourcecode.c.h; path = VCAddItem.h; sourceTree = "<group>"; };
		645A15E21C28571D0094802A /* VCAddItem.m */ = {isa = PBXFileReference; fileEncoding = 4; lastKnownFileType = sourcecode.c.objc; path = VCAddItem.m; sourceTree = "<group>"; };
		645A15E31C28571D0094802A /* VCAddItem.xib */ = {isa = PBXFileReference; fileEncoding = 4; lastKnownFileType = file.xib; path = VCAddItem.xib; sourceTree = "<group>"; };
		645A15E71C285B530094802A /* CustomCellTextField.h */ = {isa = PBXFileReference; fileEncoding = 4; lastKnownFileType = sourcecode.c.h; path = CustomCellTextField.h; sourceTree = "<group>"; };
		645A15E81C285B530094802A /* CustomCellTextField.m */ = {isa = PBXFileReference; fileEncoding = 4; lastKnownFileType = sourcecode.c.objc; path = CustomCellTextField.m; sourceTree = "<group>"; };
		645A15E91C285B530094802A /* CustomCellTextField.xib */ = {isa = PBXFileReference; fileEncoding = 4; lastKnownFileType = file.xib; path = CustomCellTextField.xib; sourceTree = "<group>"; };
		645A15FA1C2862F30094802A /* CustomCellPhoto.h */ = {isa = PBXFileReference; fileEncoding = 4; lastKnownFileType = sourcecode.c.h; path = CustomCellPhoto.h; sourceTree = "<group>"; };
		645A15FB1C2862F30094802A /* CustomCellPhoto.m */ = {isa = PBXFileReference; fileEncoding = 4; lastKnownFileType = sourcecode.c.objc; path = CustomCellPhoto.m; sourceTree = "<group>"; };
		645A15FC1C2862F30094802A /* CustomCellPhoto.xib */ = {isa = PBXFileReference; fileEncoding = 4; lastKnownFileType = file.xib; path = CustomCellPhoto.xib; sourceTree = "<group>"; };
		645A16001C286BF30094802A /* CustomTextRightLeft.h */ = {isa = PBXFileReference; fileEncoding = 4; lastKnownFileType = sourcecode.c.h; path = CustomTextRightLeft.h; sourceTree = "<group>"; };
		645A16011C286BF30094802A /* CustomTextRightLeft.m */ = {isa = PBXFileReference; fileEncoding = 4; lastKnownFileType = sourcecode.c.objc; path = CustomTextRightLeft.m; sourceTree = "<group>"; };
		645A16021C286BF30094802A /* CustomTextRightLeft.xib */ = {isa = PBXFileReference; fileEncoding = 4; lastKnownFileType = file.xib; path = CustomTextRightLeft.xib; sourceTree = "<group>"; };
		645A16081C286DC30094802A /* NSDate+Helper.h */ = {isa = PBXFileReference; fileEncoding = 4; lastKnownFileType = sourcecode.c.h; path = "NSDate+Helper.h"; sourceTree = "<group>"; };
		645A16091C286DC30094802A /* NSDate+Helper.m */ = {isa = PBXFileReference; fileEncoding = 4; lastKnownFileType = sourcecode.c.objc; path = "NSDate+Helper.m"; sourceTree = "<group>"; };
		645FCE011C2BEF6900A9C69E /* VCPickerView.h */ = {isa = PBXFileReference; fileEncoding = 4; lastKnownFileType = sourcecode.c.h; path = VCPickerView.h; sourceTree = "<group>"; };
		645FCE021C2BEF6900A9C69E /* VCPickerView.m */ = {isa = PBXFileReference; fileEncoding = 4; lastKnownFileType = sourcecode.c.objc; path = VCPickerView.m; sourceTree = "<group>"; };
		645FCE031C2BEF6900A9C69E /* VCPickerView.xib */ = {isa = PBXFileReference; fileEncoding = 4; lastKnownFileType = file.xib; path = VCPickerView.xib; sourceTree = "<group>"; };
		645FCE0D1C2BF5F900A9C69E /* VCTypeItem.h */ = {isa = PBXFileReference; fileEncoding = 4; lastKnownFileType = sourcecode.c.h; path = VCTypeItem.h; sourceTree = "<group>"; };
		645FCE0E1C2BF5F900A9C69E /* VCTypeItem.m */ = {isa = PBXFileReference; fileEncoding = 4; lastKnownFileType = sourcecode.c.objc; path = VCTypeItem.m; sourceTree = "<group>"; };
		645FCE0F1C2BF5F900A9C69E /* VCTypeItem.xib */ = {isa = PBXFileReference; fileEncoding = 4; lastKnownFileType = file.xib; path = VCTypeItem.xib; sourceTree = "<group>"; };
		645FCE131C2BF9B700A9C69E /* ModelManager.h */ = {isa = PBXFileReference; fileEncoding = 4; lastKnownFileType = sourcecode.c.h; path = ModelManager.h; sourceTree = "<group>"; };
		645FCE141C2BF9B700A9C69E /* ModelManager.m */ = {isa = PBXFileReference; fileEncoding = 4; lastKnownFileType = sourcecode.c.objc; path = ModelManager.m; sourceTree = "<group>"; };
		645FCE151C2BF9B700A9C69E /* PhotoModel.h */ = {isa = PBXFileReference; fileEncoding = 4; lastKnownFileType = sourcecode.c.h; path = PhotoModel.h; sourceTree = "<group>"; };
		645FCE161C2BF9B700A9C69E /* PhotoModel.m */ = {isa = PBXFileReference; fileEncoding = 4; lastKnownFileType = sourcecode.c.objc; path = PhotoModel.m; sourceTree = "<group>"; };
		645FCE171C2BF9B700A9C69E /* PickerViewModel.h */ = {isa = PBXFileReference; fileEncoding = 4; lastKnownFileType = sourcecode.c.h; path = PickerViewModel.h; sourceTree = "<group>"; };
		645FCE181C2BF9B700A9C69E /* PickerViewModel.m */ = {isa = PBXFileReference; fileEncoding = 4; lastKnownFileType = sourcecode.c.objc; path = PickerViewModel.m; sourceTree = "<group>"; };
		645FCE191C2BF9B700A9C69E /* TextFieldModel.h */ = {isa = PBXFileReference; fileEncoding = 4; lastKnownFileType = sourcecode.c.h; path = TextFieldModel.h; sourceTree = "<group>"; };
		645FCE1A1C2BF9B700A9C69E /* TextFieldModel.m */ = {isa = PBXFileReference; fileEncoding = 4; lastKnownFileType = sourcecode.c.objc; path = TextFieldModel.m; sourceTree = "<group>"; };
		645FCE1B1C2BF9B700A9C69E /* TextRLModel.h */ = {isa = PBXFileReference; fileEncoding = 4; lastKnownFileType = sourcecode.c.h; path = TextRLModel.h; sourceTree = "<group>"; };
		645FCE1C1C2BF9B700A9C69E /* TextRLModel.m */ = {isa = PBXFileReference; fileEncoding = 4; lastKnownFileType = sourcecode.c.objc; path = TextRLModel.m; sourceTree = "<group>"; };
		645FCE521C2BFC9700A9C69E /* ModelItem.h */ = {isa = PBXFileReference; fileEncoding = 4; lastKnownFileType = sourcecode.c.h; path = ModelItem.h; sourceTree = "<group>"; };
		645FCE531C2BFC9700A9C69E /* ModelItem.m */ = {isa = PBXFileReference; fileEncoding = 4; lastKnownFileType = sourcecode.c.objc; path = ModelItem.m; sourceTree = "<group>"; };
		645FCE541C2BFC9700A9C69E /* ModelTypeItem.h */ = {isa = PBXFileReference; fileEncoding = 4; lastKnownFileType = sourcecode.c.h; path = ModelTypeItem.h; sourceTree = "<group>"; };
		645FCE551C2BFC9700A9C69E /* ModelTypeItem.m */ = {isa = PBXFileReference; fileEncoding = 4; lastKnownFileType = sourcecode.c.objc; path = ModelTypeItem.m; sourceTree = "<group>"; };
		645FCE581C2BFCC400A9C69E /* BaseModel.h */ = {isa = PBXFileReference; fileEncoding = 4; lastKnownFileType = sourcecode.c.h; path = BaseModel.h; sourceTree = "<group>"; };
		645FCE591C2BFCC400A9C69E /* BaseModel.m */ = {isa = PBXFileReference; fileEncoding = 4; lastKnownFileType = sourcecode.c.objc; path = BaseModel.m; sourceTree = "<group>"; };
		645FCE5B1C2BFCEB00A9C69E /* CommonModel.h */ = {isa = PBXFileReference; fileEncoding = 4; lastKnownFileType = sourcecode.c.h; path = CommonModel.h; sourceTree = "<group>"; };
		645FCE5C1C2BFCEB00A9C69E /* CommonModel.m */ = {isa = PBXFileReference; fileEncoding = 4; lastKnownFileType = sourcecode.c.objc; path = CommonModel.m; sourceTree = "<group>"; };
		645FCE5F1C2C006F00A9C69E /* ItemService.h */ = {isa = PBXFileReference; fileEncoding = 4; lastKnownFileType = sourcecode.c.h; path = ItemService.h; sourceTree = "<group>"; };
		645FCE601C2C006F00A9C69E /* ItemService.m */ = {isa = PBXFileReference; fileEncoding = 4; lastKnownFileType = sourcecode.c.objc; path = ItemService.m; sourceTree = "<group>"; };
		645FCE621C2C013000A9C69E /* StoreManager-PrefixHeader.pch */ = {isa = PBXFileReference; lastKnownFileType = sourcecode.c.h; path = "StoreManager-PrefixHeader.pch"; sourceTree = "<group>"; };
		645FCE641C2C0F2000A9C69E /* CustomCellItem.h */ = {isa = PBXFileReference; fileEncoding = 4; lastKnownFileType = sourcecode.c.h; path = CustomCellItem.h; sourceTree = "<group>"; };
		645FCE651C2C0F2000A9C69E /* CustomCellItem.m */ = {isa = PBXFileReference; fileEncoding = 4; lastKnownFileType = sourcecode.c.objc; path = CustomCellItem.m; sourceTree = "<group>"; };
		645FCE661C2C0F2000A9C69E /* CustomCellItem.xib */ = {isa = PBXFileReference; fileEncoding = 4; lastKnownFileType = file.xib; path = CustomCellItem.xib; sourceTree = "<group>"; };
		645FCE691C2C3ED800A9C69E /* AddItemService.h */ = {isa = PBXFileReference; fileEncoding = 4; lastKnownFileType = sourcecode.c.h; path = AddItemService.h; sourceTree = "<group>"; };
		645FCE6A1C2C3ED800A9C69E /* AddItemService.m */ = {isa = PBXFileReference; fileEncoding = 4; lastKnownFileType = sourcecode.c.objc; path = AddItemService.m; sourceTree = "<group>"; };
		645FCE6F1C2C4F7500A9C69E /* TypeItemService.h */ = {isa = PBXFileReference; fileEncoding = 4; lastKnownFileType = sourcecode.c.h; path = TypeItemService.h; sourceTree = "<group>"; };
		645FCE701C2C4F7500A9C69E /* TypeItemService.m */ = {isa = PBXFileReference; fileEncoding = 4; lastKnownFileType = sourcecode.c.objc; path = TypeItemService.m; sourceTree = "<group>"; };
		6464FCC31C29B55A0009C040 /* UIActionSheet+Blocks.h */ = {isa = PBXFileReference; fileEncoding = 4; lastKnownFileType = sourcecode.c.h; path = "UIActionSheet+Blocks.h"; sourceTree = "<group>"; };
		6464FCC41C29B55A0009C040 /* UIActionSheet+Blocks.m */ = {isa = PBXFileReference; fileEncoding = 4; lastKnownFileType = sourcecode.c.objc; path = "UIActionSheet+Blocks.m"; sourceTree = "<group>"; };
		6464FCC71C29BBDA0009C040 /* CustomCellPickerView.h */ = {isa = PBXFileReference; fileEncoding = 4; lastKnownFileType = sourcecode.c.h; path = CustomCellPickerView.h; sourceTree = "<group>"; };
		6464FCC81C29BBDA0009C040 /* CustomCellPickerView.m */ = {isa = PBXFileReference; fileEncoding = 4; lastKnownFileType = sourcecode.c.objc; path = CustomCellPickerView.m; sourceTree = "<group>"; };
		6464FCC91C29BBDA0009C040 /* CustomCellPickerView.xib */ = {isa = PBXFileReference; fileEncoding = 4; lastKnownFileType = file.xib; path = CustomCellPickerView.xib; sourceTree = "<group>"; };
		713A5350A73855817536F6E6 /* Pods-StoreManager.debug.xcconfig */ = {isa = PBXFileReference; includeInIndex = 1; lastKnownFileType = text.xcconfig; name = "Pods-StoreManager.debug.xcconfig"; path = "Pods/Target Support Files/Pods-StoreManager/Pods-StoreManager.debug.xcconfig"; sourceTree = "<group>"; };
		FB67A1B01C290D2F00DF6FAD /* CustomCellDatePicker.h */ = {isa = PBXFileReference; fileEncoding = 4; lastKnownFileType = sourcecode.c.h; path = CustomCellDatePicker.h; sourceTree = "<group>"; };
		FB67A1B11C290D2F00DF6FAD /* CustomCellDatePicker.m */ = {isa = PBXFileReference; fileEncoding = 4; lastKnownFileType = sourcecode.c.objc; path = CustomCellDatePicker.m; sourceTree = "<group>"; };
		FB67A1B21C290D2F00DF6FAD /* CustomCellDatePicker.xib */ = {isa = PBXFileReference; fileEncoding = 4; lastKnownFileType = file.xib; path = CustomCellDatePicker.xib; sourceTree = "<group>"; };
		FBC6966F1C3221E300A8FDBE /* QRCameraSwitchButton.h */ = {isa = PBXFileReference; fileEncoding = 4; lastKnownFileType = sourcecode.c.h; path = QRCameraSwitchButton.h; sourceTree = "<group>"; };
		FBC696701C3221E300A8FDBE /* QRCameraSwitchButton.m */ = {isa = PBXFileReference; fileEncoding = 4; lastKnownFileType = sourcecode.c.objc; path = QRCameraSwitchButton.m; sourceTree = "<group>"; };
		FBC696711C3221E300A8FDBE /* QRCodeReader.h */ = {isa = PBXFileReference; fileEncoding = 4; lastKnownFileType = sourcecode.c.h; path = QRCodeReader.h; sourceTree = "<group>"; };
		FBC696721C3221E300A8FDBE /* QRCodeReader.m */ = {isa = PBXFileReference; fileEncoding = 4; lastKnownFileType = sourcecode.c.objc; path = QRCodeReader.m; sourceTree = "<group>"; };
		FBC696731C3221E300A8FDBE /* QRCodeReaderDelegate.h */ = {isa = PBXFileReference; fileEncoding = 4; lastKnownFileType = sourcecode.c.h; path = QRCodeReaderDelegate.h; sourceTree = "<group>"; };
		FBC696741C3221E300A8FDBE /* QRCodeReaderView.h */ = {isa = PBXFileReference; fileEncoding = 4; lastKnownFileType = sourcecode.c.h; path = QRCodeReaderView.h; sourceTree = "<group>"; };
		FBC696751C3221E300A8FDBE /* QRCodeReaderView.m */ = {isa = PBXFileReference; fileEncoding = 4; lastKnownFileType = sourcecode.c.objc; path = QRCodeReaderView.m; sourceTree = "<group>"; };
		FBC696761C3221E300A8FDBE /* QRCodeReaderViewController.h */ = {isa = PBXFileReference; fileEncoding = 4; lastKnownFileType = sourcecode.c.h; path = QRCodeReaderViewController.h; sourceTree = "<group>"; };
		FBC696771C3221E300A8FDBE /* QRCodeReaderViewController.m */ = {isa = PBXFileReference; fileEncoding = 4; lastKnownFileType = sourcecode.c.objc; path = QRCodeReaderViewController.m; sourceTree = "<group>"; };
		FBC696781C3221E300A8FDBE /* QRToggleTorchButton.h */ = {isa = PBXFileReference; fileEncoding = 4; lastKnownFileType = sourcecode.c.h; path = QRToggleTorchButton.h; sourceTree = "<group>"; };
		FBC696791C3221E300A8FDBE /* QRToggleTorchButton.m */ = {isa = PBXFileReference; fileEncoding = 4; lastKnownFileType = sourcecode.c.objc; path = QRToggleTorchButton.m; sourceTree = "<group>"; };
		FBC696921C3230C000A8FDBE /* UIAlertView+Blocks.h */ = {isa = PBXFileReference; fileEncoding = 4; lastKnownFileType = sourcecode.c.h; path = "UIAlertView+Blocks.h"; sourceTree = "<group>"; };
		FBC696931C3230C000A8FDBE /* UIAlertView+Blocks.m */ = {isa = PBXFileReference; fileEncoding = 4; lastKnownFileType = sourcecode.c.objc; path = "UIAlertView+Blocks.m"; sourceTree = "<group>"; };
		FBC696A71C32384200A8FDBE /* Base+CoreDataProperties.h */ = {isa = PBXFileReference; fileEncoding = 4; lastKnownFileType = sourcecode.c.h; path = "Base+CoreDataProperties.h"; sourceTree = "<group>"; };
		FBC696A81C32384200A8FDBE /* Base+CoreDataProperties.m */ = {isa = PBXFileReference; fileEncoding = 4; lastKnownFileType = sourcecode.c.objc; path = "Base+CoreDataProperties.m"; sourceTree = "<group>"; };
		FBC696A91C32384200A8FDBE /* Base.h */ = {isa = PBXFileReference; fileEncoding = 4; lastKnownFileType = sourcecode.c.h; path = Base.h; sourceTree = "<group>"; };
		FBC696AA1C32384200A8FDBE /* Base.m */ = {isa = PBXFileReference; fileEncoding = 4; lastKnownFileType = sourcecode.c.objc; path = Base.m; sourceTree = "<group>"; };
		FBC696AB1C32384200A8FDBE /* TypeItem+CoreDataProperties.h */ = {isa = PBXFileReference; fileEncoding = 4; lastKnownFileType = sourcecode.c.h; path = "TypeItem+CoreDataProperties.h"; sourceTree = "<group>"; };
		FBC696AC1C32384200A8FDBE /* TypeItem+CoreDataProperties.m */ = {isa = PBXFileReference; fileEncoding = 4; lastKnownFileType = sourcecode.c.objc; path = "TypeItem+CoreDataProperties.m"; sourceTree = "<group>"; };
		FBC696AD1C32384200A8FDBE /* TypeItem.h */ = {isa = PBXFileReference; fileEncoding = 4; lastKnownFileType = sourcecode.c.h; path = TypeItem.h; sourceTree = "<group>"; };
		FBC696AE1C32384200A8FDBE /* TypeItem.m */ = {isa = PBXFileReference; fileEncoding = 4; lastKnownFileType = sourcecode.c.objc; path = TypeItem.m; sourceTree = "<group>"; };
		FBC696B31C32384200A8FDBE /* Qrcode+CoreDataProperties.h */ = {isa = PBXFileReference; fileEncoding = 4; lastKnownFileType = sourcecode.c.h; path = "Qrcode+CoreDataProperties.h"; sourceTree = "<group>"; };
		FBC696B41C32384200A8FDBE /* Qrcode+CoreDataProperties.m */ = {isa = PBXFileReference; fileEncoding = 4; lastKnownFileType = sourcecode.c.objc; path = "Qrcode+CoreDataProperties.m"; sourceTree = "<group>"; };
		FBC696B51C32384200A8FDBE /* Qrcode.h */ = {isa = PBXFileReference; fileEncoding = 4; lastKnownFileType = sourcecode.c.h; path = Qrcode.h; sourceTree = "<group>"; };
		FBC696B61C32384200A8FDBE /* Qrcode.m */ = {isa = PBXFileReference; fileEncoding = 4; lastKnownFileType = sourcecode.c.objc; path = Qrcode.m; sourceTree = "<group>"; };
		FBC696BF1C32386200A8FDBE /* QRCodeModel.h */ = {isa = PBXFileReference; fileEncoding = 4; lastKnownFileType = sourcecode.c.h; path = QRCodeModel.h; sourceTree = "<group>"; };
		FBC696C01C32386200A8FDBE /* QRCodeModel.m */ = {isa = PBXFileReference; fileEncoding = 4; lastKnownFileType = sourcecode.c.objc; path = QRCodeModel.m; sourceTree = "<group>"; };
		FBC696C21C32390300A8FDBE /* Item+CoreDataProperties.h */ = {isa = PBXFileReference; fileEncoding = 4; lastKnownFileType = sourcecode.c.h; path = "Item+CoreDataProperties.h"; sourceTree = "<group>"; };
		FBC696C31C32390300A8FDBE /* Item+CoreDataProperties.m */ = {isa = PBXFileReference; fileEncoding = 4; lastKnownFileType = sourcecode.c.objc; path = "Item+CoreDataProperties.m"; sourceTree = "<group>"; };
		FBC696C41C32390300A8FDBE /* Item.h */ = {isa = PBXFileReference; fileEncoding = 4; lastKnownFileType = sourcecode.c.h; path = Item.h; sourceTree = "<group>"; };
		FBC696C51C32390300A8FDBE /* Item.m */ = {isa = PBXFileReference; fileEncoding = 4; lastKnownFileType = sourcecode.c.objc; path = Item.m; sourceTree = "<group>"; };
/* End PBXFileReference section */

/* Begin PBXFrameworksBuildPhase section */
		645A15511C284B150094802A /* Frameworks */ = {
			isa = PBXFrameworksBuildPhase;
			buildActionMask = 2147483647;
			files = (
				74DA81987AA5881FB09538C8 /* libPods-StoreManager.a in Frameworks */,
			);
			runOnlyForDeploymentPostprocessing = 0;
		};
		645A156D1C284B150094802A /* Frameworks */ = {
			isa = PBXFrameworksBuildPhase;
			buildActionMask = 2147483647;
			files = (
			);
			runOnlyForDeploymentPostprocessing = 0;
		};
/* End PBXFrameworksBuildPhase section */

/* Begin PBXGroup section */
		645A154B1C284B150094802A = {
			isa = PBXGroup;
			children = (
				FBC6967F1C322B0200A8FDBE /* CoreData */,
				FBC6966E1C3221E300A8FDBE /* QRCodeReaderViewController */,
				645A15561C284B150094802A /* StoreManager */,
				645A15731C284B150094802A /* StoreManagerTests */,
				645A15551C284B150094802A /* Products */,
				800D6141FCB0BA1BDD66F40D /* Pods */,
				B4741EF2481AD996D4D4898C /* Frameworks */,
			);
			sourceTree = "<group>";
		};
		645A15551C284B150094802A /* Products */ = {
			isa = PBXGroup;
			children = (
				645A15541C284B150094802A /* StoreManager.app */,
				645A15701C284B150094802A /* StoreManagerTests.xctest */,
			);
			name = Products;
			sourceTree = "<group>";
		};
		645A15561C284B150094802A /* StoreManager */ = {
			isa = PBXGroup;
			children = (
				645A155B1C284B150094802A /* AppDelegate.h */,
				645A155C1C284B150094802A /* AppDelegate.m */,
				645FCE5E1C2C005E00A9C69E /* Service */,
				645A15EC1C285C940094802A /* Models */,
				645A15801C284BFB0094802A /* Commons */,
				645A15891C284BFB0094802A /* CustomCells */,
				645A15971C284BFB0094802A /* ViewControllers */,
				645A15671C284B150094802A /* Images.xcassets */,
				645A15691C284B150094802A /* LaunchScreen.xib */,
				645A155E1C284B150094802A /* StoreManager.xcdatamodeld */,
				645A15571C284B150094802A /* Supporting Files */,
			);
			path = StoreManager;
			sourceTree = "<group>";
		};
		645A15571C284B150094802A /* Supporting Files */ = {
			isa = PBXGroup;
			children = (
				645A15CD1C284C170094802A /* images */,
				645A15C21C284C0C0094802A /* Localization */,
				645A15BF1C284C020094802A /* Resource */,
				645A15581C284B150094802A /* Info.plist */,
				645A15591C284B150094802A /* main.m */,
			);
			name = "Supporting Files";
			sourceTree = "<group>";
		};
		645A15731C284B150094802A /* StoreManagerTests */ = {
			isa = PBXGroup;
			children = (
				645A15761C284B150094802A /* StoreManagerTests.m */,
				645A15741C284B150094802A /* Supporting Files */,
			);
			path = StoreManagerTests;
			sourceTree = "<group>";
		};
		645A15741C284B150094802A /* Supporting Files */ = {
			isa = PBXGroup;
			children = (
				645A15751C284B150094802A /* Info.plist */,
			);
			name = "Supporting Files";
			sourceTree = "<group>";
		};
		645A15801C284BFB0094802A /* Commons */ = {
			isa = PBXGroup;
			children = (
				FBC696921C3230C000A8FDBE /* UIAlertView+Blocks.h */,
				FBC696931C3230C000A8FDBE /* UIAlertView+Blocks.m */,
				6464FCC31C29B55A0009C040 /* UIActionSheet+Blocks.h */,
				6464FCC41C29B55A0009C040 /* UIActionSheet+Blocks.m */,
				645A16081C286DC30094802A /* NSDate+Helper.h */,
				645A16091C286DC30094802A /* NSDate+Helper.m */,
				645A15811C284BFB0094802A /* CameraObject.h */,
				645A15821C284BFB0094802A /* CameraObject.m */,
				645A15831C284BFB0094802A /* Common.h */,
				645A15841C284BFB0094802A /* Common.m */,
				645A15851C284BFB0094802A /* QSCommon.h */,
				645A15861C284BFB0094802A /* QSCommon.m */,
				645A15871C284BFB0094802A /* RWLabel.h */,
				645A15881C284BFB0094802A /* RWLabel.m */,
			);
			path = Commons;
			sourceTree = "<group>";
		};
		645A15891C284BFB0094802A /* CustomCells */ = {
			isa = PBXGroup;
			children = (
				645FCE631C2C0F0F00A9C69E /* CustomCellItem */,
				6464FCC61C29BBC60009C040 /* CustomCellPickerView */,
				FB67A1AF1C290D2F00DF6FAD /* CustomCellDatePicker */,
				645A15FF1C286BE70094802A /* CustomTextRightLeft */,
				645A15F91C2862E30094802A /* CustomCellPhoto */,
				645A15E61C285B470094802A /* CustomCellTextField */,
				645A158A1C284BFB0094802A /* CustomCellDropDownMenu */,
				645A158E1C284BFB0094802A /* CustomCommon */,
			);
			path = CustomCells;
			sourceTree = "<group>";
		};
		645A158A1C284BFB0094802A /* CustomCellDropDownMenu */ = {
			isa = PBXGroup;
			children = (
				645A158B1C284BFB0094802A /* CustomCellDropDownMenu.h */,
				645A158C1C284BFB0094802A /* CustomCellDropDownMenu.m */,
				645A158D1C284BFB0094802A /* CustomCellDropDownMenu.xib */,
			);
			path = CustomCellDropDownMenu;
			sourceTree = "<group>";
		};
		645A158E1C284BFB0094802A /* CustomCommon */ = {
			isa = PBXGroup;
			children = (
				645A158F1C284BFB0094802A /* CustomCellBackground.h */,
				645A15901C284BFB0094802A /* CustomCellBackground.m */,
				645A15911C284BFB0094802A /* CustomCellCommon.h */,
				645A15921C284BFB0094802A /* CustomCellCommon.m */,
				645A15931C284BFB0094802A /* CustomFooter.h */,
				645A15941C284BFB0094802A /* CustomFooter.m */,
				645A15951C284BFB0094802A /* CustomHeader.h */,
				645A15961C284BFB0094802A /* CustomHeader.m */,
			);
			path = CustomCommon;
			sourceTree = "<group>";
		};
		645A15971C284BFB0094802A /* ViewControllers */ = {
			isa = PBXGroup;
			children = (
				645FCE0C1C2BF5ED00A9C69E /* VCTypeItem */,
				645FCE001C2BEF5800A9C69E /* VCPickerView */,
				645A15E01C28570F0094802A /* VCAddItem */,
				645A15DA1C2851AB0094802A /* VCItems */,
				645A15981C284BFB0094802A /* SWRevealViewController */,
				645A159D1C284BFB0094802A /* VCBase */,
				645A15A01C284BFB0094802A /* VCMenu */,
				645A15A41C284BFB0094802A /* VCRoot */,
				645A15A81C284BFB0094802A /* VCVideos */,
			);
			path = ViewControllers;
			sourceTree = "<group>";
		};
		645A15981C284BFB0094802A /* SWRevealViewController */ = {
			isa = PBXGroup;
			children = (
				645A15991C284BFB0094802A /* CustomAnimationController.h */,
				645A159A1C284BFB0094802A /* CustomAnimationController.m */,
				645A159B1C284BFB0094802A /* SWRevealViewController.h */,
				645A159C1C284BFB0094802A /* SWRevealViewController.m */,
			);
			path = SWRevealViewController;
			sourceTree = "<group>";
		};
		645A159D1C284BFB0094802A /* VCBase */ = {
			isa = PBXGroup;
			children = (
				645A159E1C284BFB0094802A /* VCBase.h */,
				645A159F1C284BFB0094802A /* VCBase.m */,
			);
			path = VCBase;
			sourceTree = "<group>";
		};
		645A15A01C284BFB0094802A /* VCMenu */ = {
			isa = PBXGroup;
			children = (
				645A15A11C284BFB0094802A /* VCMenu.h */,
				645A15A21C284BFB0094802A /* VCMenu.m */,
				645A15A31C284BFB0094802A /* VCMenu.xib */,
			);
			path = VCMenu;
			sourceTree = "<group>";
		};
		645A15A41C284BFB0094802A /* VCRoot */ = {
			isa = PBXGroup;
			children = (
				645A15A51C284BFB0094802A /* VCRoot.h */,
				645A15A61C284BFB0094802A /* VCRoot.m */,
				645A15A71C284BFB0094802A /* VCRoot.xib */,
			);
			path = VCRoot;
			sourceTree = "<group>";
		};
		645A15A81C284BFB0094802A /* VCVideos */ = {
			isa = PBXGroup;
			children = (
				645A15A91C284BFB0094802A /* VCGroups.h */,
				645A15AA1C284BFB0094802A /* VCGroups.m */,
				645A15AB1C284BFB0094802A /* VCGroups.xib */,
			);
			path = VCVideos;
			sourceTree = "<group>";
		};
		645A15BF1C284C020094802A /* Resource */ = {
			isa = PBXGroup;
			children = (
				645A15C01C284C020094802A /* PrefixHeader.pch */,
				645FCE621C2C013000A9C69E /* StoreManager-PrefixHeader.pch */,
			);
			path = Resource;
			sourceTree = "<group>";
		};
		645A15C21C284C0C0094802A /* Localization */ = {
			isa = PBXGroup;
			children = (
				645A15C31C284C0C0094802A /* LocalizationDefine.h */,
				645A15C41C284C0C0094802A /* LocalizationDefine.m */,
				645A15C51C284C0C0094802A /* LocalizationHelper */,
			);
			path = Localization;
			sourceTree = "<group>";
		};
		645A15C51C284C0C0094802A /* LocalizationHelper */ = {
			isa = PBXGroup;
			children = (
				645A15C61C284C0C0094802A /* LocalizableStringHelper.h */,
				645A15C71C284C0C0094802A /* LocalizableStringHelper.m */,
				645A15C81C284C0C0094802A /* LocalizeHelper.h */,
				645A15C91C284C0C0094802A /* LocalizeHelper.m */,
			);
			path = LocalizationHelper;
			sourceTree = "<group>";
		};
		645A15CD1C284C170094802A /* images */ = {
			isa = PBXGroup;
			children = (
				645A15CE1C284C170094802A /* reveal-icon.png */,
				645A15CF1C284C170094802A /* reveal-icon@2x.png */,
				645A15D01C284C170094802A /* UITableContract.png */,
				645A15D11C284C170094802A /* UITableContract@2x.png */,
				645A15D21C284C170094802A /* UITableExpand.png */,
				645A15D31C284C170094802A /* UITableExpand@2x.png */,
			);
			path = images;
			sourceTree = "<group>";
		};
		645A15DA1C2851AB0094802A /* VCItems */ = {
			isa = PBXGroup;
			children = (
				645A15DB1C2851B90094802A /* VCItems.h */,
				645A15DC1C2851B90094802A /* VCItems.m */,
				645A15DD1C2851B90094802A /* VCItems.xib */,
			);
			path = VCItems;
			sourceTree = "<group>";
		};
		645A15E01C28570F0094802A /* VCAddItem */ = {
			isa = PBXGroup;
			children = (
				645A15E11C28571D0094802A /* VCAddItem.h */,
				645A15E21C28571D0094802A /* VCAddItem.m */,
				645A15E31C28571D0094802A /* VCAddItem.xib */,
			);
			path = VCAddItem;
			sourceTree = "<group>";
		};
		645A15E61C285B470094802A /* CustomCellTextField */ = {
			isa = PBXGroup;
			children = (
				645A15E71C285B530094802A /* CustomCellTextField.h */,
				645A15E81C285B530094802A /* CustomCellTextField.m */,
				645A15E91C285B530094802A /* CustomCellTextField.xib */,
			);
			path = CustomCellTextField;
			sourceTree = "<group>";
		};
		645A15EC1C285C940094802A /* Models */ = {
			isa = PBXGroup;
			children = (
				645FCE511C2BFC9700A9C69E /* Model */,
				645FCE121C2BF9B700A9C69E /* ModelView */,
			);
			path = Models;
			sourceTree = "<group>";
		};
		645A15F91C2862E30094802A /* CustomCellPhoto */ = {
			isa = PBXGroup;
			children = (
				645A15FA1C2862F30094802A /* CustomCellPhoto.h */,
				645A15FB1C2862F30094802A /* CustomCellPhoto.m */,
				645A15FC1C2862F30094802A /* CustomCellPhoto.xib */,
			);
			path = CustomCellPhoto;
			sourceTree = "<group>";
		};
		645A15FF1C286BE70094802A /* CustomTextRightLeft */ = {
			isa = PBXGroup;
			children = (
				645A16001C286BF30094802A /* CustomTextRightLeft.h */,
				645A16011C286BF30094802A /* CustomTextRightLeft.m */,
				645A16021C286BF30094802A /* CustomTextRightLeft.xib */,
			);
			path = CustomTextRightLeft;
			sourceTree = "<group>";
		};
		645FCE001C2BEF5800A9C69E /* VCPickerView */ = {
			isa = PBXGroup;
			children = (
				645FCE011C2BEF6900A9C69E /* VCPickerView.h */,
				645FCE021C2BEF6900A9C69E /* VCPickerView.m */,
				645FCE031C2BEF6900A9C69E /* VCPickerView.xib */,
			);
			path = VCPickerView;
			sourceTree = "<group>";
		};
		645FCE0C1C2BF5ED00A9C69E /* VCTypeItem */ = {
			isa = PBXGroup;
			children = (
				645FCE0D1C2BF5F900A9C69E /* VCTypeItem.h */,
				645FCE0E1C2BF5F900A9C69E /* VCTypeItem.m */,
				645FCE0F1C2BF5F900A9C69E /* VCTypeItem.xib */,
			);
			path = VCTypeItem;
			sourceTree = "<group>";
		};
		645FCE121C2BF9B700A9C69E /* ModelView */ = {
			isa = PBXGroup;
			children = (
				645FCE581C2BFCC400A9C69E /* BaseModel.h */,
				645FCE591C2BFCC400A9C69E /* BaseModel.m */,
				645FCE131C2BF9B700A9C69E /* ModelManager.h */,
				645FCE141C2BF9B700A9C69E /* ModelManager.m */,
				645FCE151C2BF9B700A9C69E /* PhotoModel.h */,
				645FCE161C2BF9B700A9C69E /* PhotoModel.m */,
				645FCE171C2BF9B700A9C69E /* PickerViewModel.h */,
				645FCE181C2BF9B700A9C69E /* PickerViewModel.m */,
				645FCE191C2BF9B700A9C69E /* TextFieldModel.h */,
				645FCE1A1C2BF9B700A9C69E /* TextFieldModel.m */,
				645FCE1B1C2BF9B700A9C69E /* TextRLModel.h */,
				645FCE1C1C2BF9B700A9C69E /* TextRLModel.m */,
			);
			path = ModelView;
			sourceTree = "<group>";
		};
		645FCE511C2BFC9700A9C69E /* Model */ = {
			isa = PBXGroup;
			children = (
				645FCE5B1C2BFCEB00A9C69E /* CommonModel.h */,
				645FCE5C1C2BFCEB00A9C69E /* CommonModel.m */,
				645FCE521C2BFC9700A9C69E /* ModelItem.h */,
				645FCE531C2BFC9700A9C69E /* ModelItem.m */,
				645FCE541C2BFC9700A9C69E /* ModelTypeItem.h */,
				645FCE551C2BFC9700A9C69E /* ModelTypeItem.m */,
				FBC696BF1C32386200A8FDBE /* QRCodeModel.h */,
				FBC696C01C32386200A8FDBE /* QRCodeModel.m */,
			);
			path = Model;
			sourceTree = "<group>";
		};
		645FCE5E1C2C005E00A9C69E /* Service */ = {
			isa = PBXGroup;
			children = (
				645FCE5F1C2C006F00A9C69E /* ItemService.h */,
				645FCE601C2C006F00A9C69E /* ItemService.m */,
				645FCE691C2C3ED800A9C69E /* AddItemService.h */,
				645FCE6A1C2C3ED800A9C69E /* AddItemService.m */,
				645FCE6F1C2C4F7500A9C69E /* TypeItemService.h */,
				645FCE701C2C4F7500A9C69E /* TypeItemService.m */,
			);
			path = Service;
			sourceTree = "<group>";
		};
		645FCE631C2C0F0F00A9C69E /* CustomCellItem */ = {
			isa = PBXGroup;
			children = (
				645FCE641C2C0F2000A9C69E /* CustomCellItem.h */,
				645FCE651C2C0F2000A9C69E /* CustomCellItem.m */,
				645FCE661C2C0F2000A9C69E /* CustomCellItem.xib */,
			);
			path = CustomCellItem;
			sourceTree = "<group>";
		};
		6464FCC61C29BBC60009C040 /* CustomCellPickerView */ = {
			isa = PBXGroup;
			children = (
				6464FCC71C29BBDA0009C040 /* CustomCellPickerView.h */,
				6464FCC81C29BBDA0009C040 /* CustomCellPickerView.m */,
				6464FCC91C29BBDA0009C040 /* CustomCellPickerView.xib */,
			);
			path = CustomCellPickerView;
			sourceTree = "<group>";
		};
		800D6141FCB0BA1BDD66F40D /* Pods */ = {
			isa = PBXGroup;
			children = (
				713A5350A73855817536F6E6 /* Pods-StoreManager.debug.xcconfig */,
				2DBD0DB5A0F49D564CEEBA0F /* Pods-StoreManager.release.xcconfig */,
			);
			name = Pods;
			sourceTree = "<group>";
		};
		B4741EF2481AD996D4D4898C /* Frameworks */ = {
			isa = PBXGroup;
			children = (
				51C26D618B1F8223D192AA04 /* libPods-StoreManager.a */,
			);
			name = Frameworks;
			sourceTree = "<group>";
		};
		FB67A1AF1C290D2F00DF6FAD /* CustomCellDatePicker */ = {
			isa = PBXGroup;
			children = (
				FB67A1B01C290D2F00DF6FAD /* CustomCellDatePicker.h */,
				FB67A1B11C290D2F00DF6FAD /* CustomCellDatePicker.m */,
				FB67A1B21C290D2F00DF6FAD /* CustomCellDatePicker.xib */,
			);
			path = CustomCellDatePicker;
			sourceTree = "<group>";
		};
		FBC6966E1C3221E300A8FDBE /* QRCodeReaderViewController */ = {
			isa = PBXGroup;
			children = (
				FBC6966F1C3221E300A8FDBE /* QRCameraSwitchButton.h */,
				FBC696701C3221E300A8FDBE /* QRCameraSwitchButton.m */,
				FBC696711C3221E300A8FDBE /* QRCodeReader.h */,
				FBC696721C3221E300A8FDBE /* QRCodeReader.m */,
				FBC696731C3221E300A8FDBE /* QRCodeReaderDelegate.h */,
				FBC696741C3221E300A8FDBE /* QRCodeReaderView.h */,
				FBC696751C3221E300A8FDBE /* QRCodeReaderView.m */,
				FBC696761C3221E300A8FDBE /* QRCodeReaderViewController.h */,
				FBC696771C3221E300A8FDBE /* QRCodeReaderViewController.m */,
				FBC696781C3221E300A8FDBE /* QRToggleTorchButton.h */,
				FBC696791C3221E300A8FDBE /* QRToggleTorchButton.m */,
			);
			path = QRCodeReaderViewController;
			sourceTree = "<group>";
		};
		FBC6967F1C322B0200A8FDBE /* CoreData */ = {
			isa = PBXGroup;
			children = (
				FBC696C21C32390300A8FDBE /* Item+CoreDataProperties.h */,
				FBC696C31C32390300A8FDBE /* Item+CoreDataProperties.m */,
				FBC696C41C32390300A8FDBE /* Item.h */,
				FBC696C51C32390300A8FDBE /* Item.m */,
				FBC696A71C32384200A8FDBE /* Base+CoreDataProperties.h */,
				FBC696A81C32384200A8FDBE /* Base+CoreDataProperties.m */,
				FBC696A91C32384200A8FDBE /* Base.h */,
				FBC696AA1C32384200A8FDBE /* Base.m */,
				FBC696AB1C32384200A8FDBE /* TypeItem+CoreDataProperties.h */,
				FBC696AC1C32384200A8FDBE /* TypeItem+CoreDataProperties.m */,
				FBC696AD1C32384200A8FDBE /* TypeItem.h */,
				FBC696AE1C32384200A8FDBE /* TypeItem.m */,
				FBC696B31C32384200A8FDBE /* Qrcode+CoreDataProperties.h */,
				FBC696B41C32384200A8FDBE /* Qrcode+CoreDataProperties.m */,
				FBC696B51C32384200A8FDBE /* Qrcode.h */,
				FBC696B61C32384200A8FDBE /* Qrcode.m */,
			);
			path = CoreData;
			sourceTree = "<group>";
		};
/* End PBXGroup section */

/* Begin PBXNativeTarget section */
		645A15531C284B150094802A /* StoreManager */ = {
			isa = PBXNativeTarget;
			buildConfigurationList = 645A157A1C284B150094802A /* Build configuration list for PBXNativeTarget "StoreManager" */;
			buildPhases = (
				A7C6E791659EBB0B46C30D10 /* Check Pods Manifest.lock */,
				645A15501C284B150094802A /* Sources */,
				645A15511C284B150094802A /* Frameworks */,
				645A15521C284B150094802A /* Resources */,
				8402B6B3E034E9A3E7E4AAC4 /* Embed Pods Frameworks */,
				9B10E0AC4A966B79800399E8 /* Copy Pods Resources */,
			);
			buildRules = (
			);
			dependencies = (
			);
			name = StoreManager;
			productName = StoreManager;
			productReference = 645A15541C284B150094802A /* StoreManager.app */;
			productType = "com.apple.product-type.application";
		};
		645A156F1C284B150094802A /* StoreManagerTests */ = {
			isa = PBXNativeTarget;
			buildConfigurationList = 645A157D1C284B150094802A /* Build configuration list for PBXNativeTarget "StoreManagerTests" */;
			buildPhases = (
				645A156C1C284B150094802A /* Sources */,
				645A156D1C284B150094802A /* Frameworks */,
				645A156E1C284B150094802A /* Resources */,
			);
			buildRules = (
			);
			dependencies = (
				645A15721C284B150094802A /* PBXTargetDependency */,
			);
			name = StoreManagerTests;
			productName = StoreManagerTests;
			productReference = 645A15701C284B150094802A /* StoreManagerTests.xctest */;
			productType = "com.apple.product-type.bundle.unit-test";
		};
/* End PBXNativeTarget section */

/* Begin PBXProject section */
		645A154C1C284B150094802A /* Project object */ = {
			isa = PBXProject;
			attributes = {
				LastUpgradeCheck = 0640;
				ORGANIZATIONNAME = ATam;
				TargetAttributes = {
					645A15531C284B150094802A = {
						CreatedOnToolsVersion = 6.4;
					};
					645A156F1C284B150094802A = {
						CreatedOnToolsVersion = 6.4;
						TestTargetID = 645A15531C284B150094802A;
					};
				};
			};
			buildConfigurationList = 645A154F1C284B150094802A /* Build configuration list for PBXProject "StoreManager" */;
			compatibilityVersion = "Xcode 3.2";
			developmentRegion = English;
			hasScannedForEncodings = 0;
			knownRegions = (
				en,
				Base,
			);
			mainGroup = 645A154B1C284B150094802A;
			productRefGroup = 645A15551C284B150094802A /* Products */;
			projectDirPath = "";
			projectRoot = "";
			targets = (
				645A15531C284B150094802A /* StoreManager */,
				645A156F1C284B150094802A /* StoreManagerTests */,
			);
		};
/* End PBXProject section */

/* Begin PBXResourcesBuildPhase section */
		645A15521C284B150094802A /* Resources */ = {
			isa = PBXResourcesBuildPhase;
			buildActionMask = 2147483647;
			files = (
				645A15BC1C284BFB0094802A /* VCRoot.xib in Resources */,
				645A15DF1C2851B90094802A /* VCItems.xib in Resources */,
				FB67A1B41C290D2F00DF6FAD /* CustomCellDatePicker.xib in Resources */,
				645A156B1C284B150094802A /* LaunchScreen.xib in Resources */,
				645A16041C286BF30094802A /* CustomTextRightLeft.xib in Resources */,
				645A15BA1C284BFB0094802A /* VCMenu.xib in Resources */,
				645A15B11C284BFB0094802A /* CustomCellDropDownMenu.xib in Resources */,
				645A15D51C284C170094802A /* reveal-icon@2x.png in Resources */,
				645A15BE1C284BFB0094802A /* VCGroups.xib in Resources */,
				645A15D41C284C170094802A /* reveal-icon.png in Resources */,
				645A15EB1C285B530094802A /* CustomCellTextField.xib in Resources */,
				645FCE681C2C0F2000A9C69E /* CustomCellItem.xib in Resources */,
				645FCE111C2BF5F900A9C69E /* VCTypeItem.xib in Resources */,
				645A15FE1C2862F30094802A /* CustomCellPhoto.xib in Resources */,
				645A15D91C284C170094802A /* UITableExpand@2x.png in Resources */,
				645A15D71C284C170094802A /* UITableContract@2x.png in Resources */,
				645A15D61C284C170094802A /* UITableContract.png in Resources */,
				645FCE051C2BEF6900A9C69E /* VCPickerView.xib in Resources */,
				645A15D81C284C170094802A /* UITableExpand.png in Resources */,
				645A15681C284B150094802A /* Images.xcassets in Resources */,
				6464FCCB1C29BBDA0009C040 /* CustomCellPickerView.xib in Resources */,
				645A15E51C28571D0094802A /* VCAddItem.xib in Resources */,
			);
			runOnlyForDeploymentPostprocessing = 0;
		};
		645A156E1C284B150094802A /* Resources */ = {
			isa = PBXResourcesBuildPhase;
			buildActionMask = 2147483647;
			files = (
			);
			runOnlyForDeploymentPostprocessing = 0;
		};
/* End PBXResourcesBuildPhase section */

/* Begin PBXShellScriptBuildPhase section */
		8402B6B3E034E9A3E7E4AAC4 /* Embed Pods Frameworks */ = {
			isa = PBXShellScriptBuildPhase;
			buildActionMask = 2147483647;
			files = (
			);
			inputPaths = (
			);
			name = "Embed Pods Frameworks";
			outputPaths = (
			);
			runOnlyForDeploymentPostprocessing = 0;
			shellPath = /bin/sh;
			shellScript = "\"${SRCROOT}/Pods/Target Support Files/Pods-StoreManager/Pods-StoreManager-frameworks.sh\"\n";
			showEnvVarsInLog = 0;
		};
		9B10E0AC4A966B79800399E8 /* Copy Pods Resources */ = {
			isa = PBXShellScriptBuildPhase;
			buildActionMask = 2147483647;
			files = (
			);
			inputPaths = (
			);
			name = "Copy Pods Resources";
			outputPaths = (
			);
			runOnlyForDeploymentPostprocessing = 0;
			shellPath = /bin/sh;
			shellScript = "\"${SRCROOT}/Pods/Target Support Files/Pods-StoreManager/Pods-StoreManager-resources.sh\"\n";
			showEnvVarsInLog = 0;
		};
		A7C6E791659EBB0B46C30D10 /* Check Pods Manifest.lock */ = {
			isa = PBXShellScriptBuildPhase;
			buildActionMask = 2147483647;
			files = (
			);
			inputPaths = (
			);
			name = "Check Pods Manifest.lock";
			outputPaths = (
			);
			runOnlyForDeploymentPostprocessing = 0;
			shellPath = /bin/sh;
			shellScript = "diff \"${PODS_ROOT}/../Podfile.lock\" \"${PODS_ROOT}/Manifest.lock\" > /dev/null\nif [[ $? != 0 ]] ; then\n    cat << EOM\nerror: The sandbox is not in sync with the Podfile.lock. Run 'pod install' or update your CocoaPods installation.\nEOM\n    exit 1\nfi\n";
			showEnvVarsInLog = 0;
		};
/* End PBXShellScriptBuildPhase section */

/* Begin PBXSourcesBuildPhase section */
		645A15501C284B150094802A /* Sources */ = {
			isa = PBXSourcesBuildPhase;
			buildActionMask = 2147483647;
			files = (
				FBC696C71C32390300A8FDBE /* Item.m in Sources */,
				645A15FD1C2862F30094802A /* CustomCellPhoto.m in Sources */,
				645A15B01C284BFB0094802A /* CustomCellDropDownMenu.m in Sources */,
				645A15B91C284BFB0094802A /* VCMenu.m in Sources */,
				645A15B61C284BFB0094802A /* CustomAnimationController.m in Sources */,
				645A15B51C284BFB0094802A /* CustomHeader.m in Sources */,
				645A15EA1C285B530094802A /* CustomCellTextField.m in Sources */,
				645A15B31C284BFB0094802A /* CustomCellCommon.m in Sources */,
				FBC6967A1C3221E300A8FDBE /* QRCameraSwitchButton.m in Sources */,
				645FCE1D1C2BF9B700A9C69E /* ModelManager.m in Sources */,
				FBC696941C3230C000A8FDBE /* UIAlertView+Blocks.m in Sources */,
				FBC6967C1C3221E300A8FDBE /* QRCodeReaderView.m in Sources */,
				645A15B81C284BFB0094802A /* VCBase.m in Sources */,
				6464FCCA1C29BBDA0009C040 /* CustomCellPickerView.m in Sources */,
				645A16031C286BF30094802A /* CustomTextRightLeft.m in Sources */,
				645FCE1F1C2BF9B700A9C69E /* PickerViewModel.m in Sources */,
				645FCE5A1C2BFCC400A9C69E /* BaseModel.m in Sources */,
				645A155D1C284B150094802A /* AppDelegate.m in Sources */,
				645A15AC1C284BFB0094802A /* CameraObject.m in Sources */,
				FBC696B81C32384200A8FDBE /* Base.m in Sources */,
				645FCE201C2BF9B700A9C69E /* TextFieldModel.m in Sources */,
				645FCE571C2BFC9700A9C69E /* ModelTypeItem.m in Sources */,
				FBC696C61C32390300A8FDBE /* Item+CoreDataProperties.m in Sources */,
				645A15B41C284BFB0094802A /* CustomFooter.m in Sources */,
				FBC696BD1C32384200A8FDBE /* Qrcode+CoreDataProperties.m in Sources */,
				645FCE561C2BFC9700A9C69E /* ModelItem.m in Sources */,
				645A15DE1C2851B90094802A /* VCItems.m in Sources */,
				645A15B71C284BFB0094802A /* SWRevealViewController.m in Sources */,
				645A15BD1C284BFB0094802A /* VCGroups.m in Sources */,
				FBC696B91C32384200A8FDBE /* TypeItem+CoreDataProperties.m in Sources */,
				645FCE101C2BF5F900A9C69E /* VCTypeItem.m in Sources */,
				645FCE211C2BF9B700A9C69E /* TextRLModel.m in Sources */,
				645A15CC1C284C0C0094802A /* LocalizeHelper.m in Sources */,
				645A15AD1C284BFB0094802A /* Common.m in Sources */,
				6464FCC51C29B55A0009C040 /* UIActionSheet+Blocks.m in Sources */,
				FBC696B71C32384200A8FDBE /* Base+CoreDataProperties.m in Sources */,
				645A155A1C284B150094802A /* main.m in Sources */,
				FBC6967E1C3221E300A8FDBE /* QRToggleTorchButton.m in Sources */,
				645FCE041C2BEF6900A9C69E /* VCPickerView.m in Sources */,
				645FCE1E1C2BF9B700A9C69E /* PhotoModel.m in Sources */,
				645FCE5D1C2BFCEB00A9C69E /* CommonModel.m in Sources */,
				FBC6967D1C3221E300A8FDBE /* QRCodeReaderViewController.m in Sources */,
				645A160A1C286DC30094802A /* NSDate+Helper.m in Sources */,
				645FCE6B1C2C3ED800A9C69E /* AddItemService.m in Sources */,
				FBC696BE1C32384200A8FDBE /* Qrcode.m in Sources */,
				645A15E41C28571D0094802A /* VCAddItem.m in Sources */,
				FB67A1B31C290D2F00DF6FAD /* CustomCellDatePicker.m in Sources */,
				645FCE611C2C006F00A9C69E /* ItemService.m in Sources */,
				645A15AE1C284BFB0094802A /* QSCommon.m in Sources */,
				FBC696BA1C32384200A8FDBE /* TypeItem.m in Sources */,
				645FCE671C2C0F2000A9C69E /* CustomCellItem.m in Sources */,
				645A15BB1C284BFB0094802A /* VCRoot.m in Sources */,
				645A15B21C284BFB0094802A /* CustomCellBackground.m in Sources */,
				645FCE711C2C4F7500A9C69E /* TypeItemService.m in Sources */,
				FBC6967B1C3221E300A8FDBE /* QRCodeReader.m in Sources */,
				645A15AF1C284BFB0094802A /* RWLabel.m in Sources */,
				645A15CB1C284C0C0094802A /* LocalizableStringHelper.m in Sources */,
				645A15CA1C284C0C0094802A /* LocalizationDefine.m in Sources */,
				645A15601C284B150094802A /* StoreManager.xcdatamodeld in Sources */,
				FBC696C11C32386200A8FDBE /* QRCodeModel.m in Sources */,
			);
			runOnlyForDeploymentPostprocessing = 0;
		};
		645A156C1C284B150094802A /* Sources */ = {
			isa = PBXSourcesBuildPhase;
			buildActionMask = 2147483647;
			files = (
				645A15771C284B150094802A /* StoreManagerTests.m in Sources */,
			);
			runOnlyForDeploymentPostprocessing = 0;
		};
/* End PBXSourcesBuildPhase section */

/* Begin PBXTargetDependency section */
		645A15721C284B150094802A /* PBXTargetDependency */ = {
			isa = PBXTargetDependency;
			target = 645A15531C284B150094802A /* StoreManager */;
			targetProxy = 645A15711C284B150094802A /* PBXContainerItemProxy */;
		};
/* End PBXTargetDependency section */

/* Begin PBXVariantGroup section */
		645A15691C284B150094802A /* LaunchScreen.xib */ = {
			isa = PBXVariantGroup;
			children = (
				645A156A1C284B150094802A /* Base */,
			);
			name = LaunchScreen.xib;
			sourceTree = "<group>";
		};
/* End PBXVariantGroup section */

/* Begin XCBuildConfiguration section */
		645A15781C284B150094802A /* Debug */ = {
			isa = XCBuildConfiguration;
			buildSettings = {
				ALWAYS_SEARCH_USER_PATHS = NO;
				CLANG_CXX_LANGUAGE_STANDARD = "gnu++0x";
				CLANG_CXX_LIBRARY = "libc++";
				CLANG_ENABLE_MODULES = YES;
				CLANG_ENABLE_OBJC_ARC = YES;
				CLANG_WARN_BOOL_CONVERSION = YES;
				CLANG_WARN_CONSTANT_CONVERSION = YES;
				CLANG_WARN_DIRECT_OBJC_ISA_USAGE = YES_ERROR;
				CLANG_WARN_EMPTY_BODY = YES;
				CLANG_WARN_ENUM_CONVERSION = YES;
				CLANG_WARN_INT_CONVERSION = YES;
				CLANG_WARN_OBJC_ROOT_CLASS = YES_ERROR;
				CLANG_WARN_UNREACHABLE_CODE = YES;
				CLANG_WARN__DUPLICATE_METHOD_MATCH = YES;
				"CODE_SIGN_IDENTITY[sdk=iphoneos*]" = "iPhone Developer";
				COPY_PHASE_STRIP = NO;
				DEBUG_INFORMATION_FORMAT = "dwarf-with-dsym";
				ENABLE_STRICT_OBJC_MSGSEND = YES;
				GCC_C_LANGUAGE_STANDARD = gnu99;
				GCC_DYNAMIC_NO_PIC = NO;
				GCC_NO_COMMON_BLOCKS = YES;
				GCC_OPTIMIZATION_LEVEL = 0;
				GCC_PREPROCESSOR_DEFINITIONS = (
					"DEBUG=1",
					"$(inherited)",
				);
				GCC_SYMBOLS_PRIVATE_EXTERN = NO;
				GCC_WARN_64_TO_32_BIT_CONVERSION = YES;
				GCC_WARN_ABOUT_RETURN_TYPE = YES_ERROR;
				GCC_WARN_UNDECLARED_SELECTOR = YES;
				GCC_WARN_UNINITIALIZED_AUTOS = YES_AGGRESSIVE;
				GCC_WARN_UNUSED_FUNCTION = YES;
				GCC_WARN_UNUSED_VARIABLE = YES;
				IPHONEOS_DEPLOYMENT_TARGET = 8.4;
				MTL_ENABLE_DEBUG_INFO = YES;
				ONLY_ACTIVE_ARCH = YES;
				SDKROOT = iphoneos;
				TARGETED_DEVICE_FAMILY = "1,2";
			};
			name = Debug;
		};
		645A15791C284B150094802A /* Release */ = {
			isa = XCBuildConfiguration;
			buildSettings = {
				ALWAYS_SEARCH_USER_PATHS = NO;
				CLANG_CXX_LANGUAGE_STANDARD = "gnu++0x";
				CLANG_CXX_LIBRARY = "libc++";
				CLANG_ENABLE_MODULES = YES;
				CLANG_ENABLE_OBJC_ARC = YES;
				CLANG_WARN_BOOL_CONVERSION = YES;
				CLANG_WARN_CONSTANT_CONVERSION = YES;
				CLANG_WARN_DIRECT_OBJC_ISA_USAGE = YES_ERROR;
				CLANG_WARN_EMPTY_BODY = YES;
				CLANG_WARN_ENUM_CONVERSION = YES;
				CLANG_WARN_INT_CONVERSION = YES;
				CLANG_WARN_OBJC_ROOT_CLASS = YES_ERROR;
				CLANG_WARN_UNREACHABLE_CODE = YES;
				CLANG_WARN__DUPLICATE_METHOD_MATCH = YES;
				"CODE_SIGN_IDENTITY[sdk=iphoneos*]" = "iPhone Developer";
				COPY_PHASE_STRIP = NO;
				DEBUG_INFORMATION_FORMAT = "dwarf-with-dsym";
				ENABLE_NS_ASSERTIONS = NO;
				ENABLE_STRICT_OBJC_MSGSEND = YES;
				GCC_C_LANGUAGE_STANDARD = gnu99;
				GCC_NO_COMMON_BLOCKS = YES;
				GCC_WARN_64_TO_32_BIT_CONVERSION = YES;
				GCC_WARN_ABOUT_RETURN_TYPE = YES_ERROR;
				GCC_WARN_UNDECLARED_SELECTOR = YES;
				GCC_WARN_UNINITIALIZED_AUTOS = YES_AGGRESSIVE;
				GCC_WARN_UNUSED_FUNCTION = YES;
				GCC_WARN_UNUSED_VARIABLE = YES;
				IPHONEOS_DEPLOYMENT_TARGET = 8.4;
				MTL_ENABLE_DEBUG_INFO = NO;
				SDKROOT = iphoneos;
				TARGETED_DEVICE_FAMILY = "1,2";
				VALIDATE_PRODUCT = YES;
			};
			name = Release;
		};
		645A157B1C284B150094802A /* Debug */ = {
			isa = XCBuildConfiguration;
			baseConfigurationReference = 713A5350A73855817536F6E6 /* Pods-StoreManager.debug.xcconfig */;
			buildSettings = {
				ASSETCATALOG_COMPILER_APPICON_NAME = AppIcon;
				GCC_PRECOMPILE_PREFIX_HEADER = YES;
				GCC_PREFIX_HEADER = "$(SRCROOT)/StoreManager/Resource/StoreManager-PrefixHeader.pch";
				INFOPLIST_FILE = StoreManager/Info.plist;
				IPHONEOS_DEPLOYMENT_TARGET = 7.0;
				LD_RUNPATH_SEARCH_PATHS = "$(inherited) @executable_path/Frameworks";
				PRODUCT_NAME = "$(TARGET_NAME)";
			};
			name = Debug;
		};
		645A157C1C284B150094802A /* Release */ = {
			isa = XCBuildConfiguration;
			baseConfigurationReference = 2DBD0DB5A0F49D564CEEBA0F /* Pods-StoreManager.release.xcconfig */;
			buildSettings = {
				ASSETCATALOG_COMPILER_APPICON_NAME = AppIcon;
				GCC_PRECOMPILE_PREFIX_HEADER = YES;
				GCC_PREFIX_HEADER = "$(SRCROOT)/StoreManager/Resource/StoreManager-PrefixHeader.pch";
				INFOPLIST_FILE = StoreManager/Info.plist;
				IPHONEOS_DEPLOYMENT_TARGET = 7.0;
				LD_RUNPATH_SEARCH_PATHS = "$(inherited) @executable_path/Frameworks";
				PRODUCT_NAME = "$(TARGET_NAME)";
			};
			name = Release;
		};
		645A157E1C284B150094802A /* Debug */ = {
			isa = XCBuildConfiguration;
			buildSettings = {
				BUNDLE_LOADER = "$(TEST_HOST)";
				FRAMEWORK_SEARCH_PATHS = (
					"$(SDKROOT)/Developer/Library/Frameworks",
					"$(inherited)",
				);
				GCC_PREPROCESSOR_DEFINITIONS = (
					"DEBUG=1",
					"$(inherited)",
				);
				INFOPLIST_FILE = StoreManagerTests/Info.plist;
				LD_RUNPATH_SEARCH_PATHS = "$(inherited) @executable_path/Frameworks @loader_path/Frameworks";
				PRODUCT_NAME = "$(TARGET_NAME)";
				TEST_HOST = "$(BUILT_PRODUCTS_DIR)/StoreManager.app/StoreManager";
			};
			name = Debug;
		};
		645A157F1C284B150094802A /* Release */ = {
			isa = XCBuildConfiguration;
			buildSettings = {
				BUNDLE_LOADER = "$(TEST_HOST)";
				FRAMEWORK_SEARCH_PATHS = (
					"$(SDKROOT)/Developer/Library/Frameworks",
					"$(inherited)",
				);
				INFOPLIST_FILE = StoreManagerTests/Info.plist;
				LD_RUNPATH_SEARCH_PATHS = "$(inherited) @executable_path/Frameworks @loader_path/Frameworks";
				PRODUCT_NAME = "$(TARGET_NAME)";
				TEST_HOST = "$(BUILT_PRODUCTS_DIR)/StoreManager.app/StoreManager";
			};
			name = Release;
		};
/* End XCBuildConfiguration section */

/* Begin XCConfigurationList section */
		645A154F1C284B150094802A /* Build configuration list for PBXProject "StoreManager" */ = {
			isa = XCConfigurationList;
			buildConfigurations = (
				645A15781C284B150094802A /* Debug */,
				645A15791C284B150094802A /* Release */,
			);
			defaultConfigurationIsVisible = 0;
			defaultConfigurationName = Release;
		};
		645A157A1C284B150094802A /* Build configuration list for PBXNativeTarget "StoreManager" */ = {
			isa = XCConfigurationList;
			buildConfigurations = (
				645A157B1C284B150094802A /* Debug */,
				645A157C1C284B150094802A /* Release */,
			);
			defaultConfigurationIsVisible = 0;
			defaultConfigurationName = Release;
		};
		645A157D1C284B150094802A /* Build configuration list for PBXNativeTarget "StoreManagerTests" */ = {
			isa = XCConfigurationList;
			buildConfigurations = (
				645A157E1C284B150094802A /* Debug */,
				645A157F1C284B150094802A /* Release */,
			);
			defaultConfigurationIsVisible = 0;
			defaultConfigurationName = Release;
		};
/* End XCConfigurationList section */

/* Begin XCVersionGroup section */
		645A155E1C284B150094802A /* StoreManager.xcdatamodeld */ = {
			isa = XCVersionGroup;
			children = (
				645A155F1C284B150094802A /* StoreManager.xcdatamodel */,
			);
			currentVersion = 645A155F1C284B150094802A /* StoreManager.xcdatamodel */;
			path = StoreManager.xcdatamodeld;
			sourceTree = "<group>";
			versionGroupType = wrapper.xcdatamodel;
		};
/* End XCVersionGroup section */
	};
	rootObject = 645A154C1C284B150094802A /* Project object */;
}
